
Microsoft Visual Studio Solution File, Format Version 12.00
# Visual Studio Version 16
VisualStudioVersion = 16.0.30523.141
MinimumVisualStudioVersion = 10.0.40219.1
Project("{FAE04EC0-301F-11D3-BF4B-00C04F79EFBC}") = "Brusautomat", "Brusautomat.csproj", "{7E3D1061-16EF-4C5E-BBF0-5A5FD6E75C67}"
EndProject
Global
	GlobalSection(SolutionConfigurationPlatforms) = preSolution
		Debug|Any CPU = Debug|Any CPU
		Release|Any CPU = Release|Any CPU
	EndGlobalSection
	GlobalSection(ProjectConfigurationPlatforms) = postSolution
		{7E3D1061-16EF-4C5E-BBF0-5A5FD6E75C67}.Debug|Any CPU.ActiveCfg = Debug|Any CPU
		{7E3D1061-16EF-4C5E-BBF0-5A5FD6E75C67}.Debug|Any CPU.Build.0 = Debug|Any CPU
		{7E3D1061-16EF-4C5E-BBF0-5A5FD6E75C67}.Release|Any CPU.ActiveCfg = Release|Any CPU
		{7E3D1061-16EF-4C5E-BBF0-5A5FD6E75C67}.Release|Any CPU.Build.0 = Release|Any CPU
	EndGlobalSection
	GlobalSection(SolutionProperties) = preSolution
		HideSolutionNode = FALSE
	EndGlobalSection
	GlobalSection(ExtensibilityGlobals) = postSolution
		SolutionGuid = {3C94A58C-C439-4014-A0E0-0B2B9EA2F6D9}
	EndGlobalSection
EndGlobal
