
Microsoft Visual Studio Solution File, Format Version 12.00
# Visual Studio Version 16
VisualStudioVersion = 16.0.30523.141
MinimumVisualStudioVersion = 10.0.40219.1
Project("{FAE04EC0-301F-11D3-BF4B-00C04F79EFBC}") = "TolvKamper2", "TolvKamper2.csproj", "{A7945099-92E1-4613-9D53-9828ADF1DF8C}"
EndProject
Global
	GlobalSection(SolutionConfigurationPlatforms) = preSolution
		Debug|Any CPU = Debug|Any CPU
		Release|Any CPU = Release|Any CPU
	EndGlobalSection
	GlobalSection(ProjectConfigurationPlatforms) = postSolution
		{A7945099-92E1-4613-9D53-9828ADF1DF8C}.Debug|Any CPU.ActiveCfg = Debug|Any CPU
		{A7945099-92E1-4613-9D53-9828ADF1DF8C}.Debug|Any CPU.Build.0 = Debug|Any CPU
		{A7945099-92E1-4613-9D53-9828ADF1DF8C}.Release|Any CPU.ActiveCfg = Release|Any CPU
		{A7945099-92E1-4613-9D53-9828ADF1DF8C}.Release|Any CPU.Build.0 = Release|Any CPU
	EndGlobalSection
	GlobalSection(SolutionProperties) = preSolution
		HideSolutionNode = FALSE
	EndGlobalSection
	GlobalSection(ExtensibilityGlobals) = postSolution
		SolutionGuid = {3F810C7C-87F6-4EBC-B054-46A77ED9DD4A}
	EndGlobalSection
EndGlobal
