
Microsoft Visual Studio Solution File, Format Version 12.00
# Visual Studio Version 16
VisualStudioVersion = 16.0.30523.141
MinimumVisualStudioVersion = 10.0.40219.1
Project("{FAE04EC0-301F-11D3-BF4B-00C04F79EFBC}") = "Tippekupong1kamp", "Tippekupong1kamp.csproj", "{5820C36C-7D31-4092-9067-5E88B1B674E6}"
EndProject
Global
	GlobalSection(SolutionConfigurationPlatforms) = preSolution
		Debug|Any CPU = Debug|Any CPU
		Release|Any CPU = Release|Any CPU
	EndGlobalSection
	GlobalSection(ProjectConfigurationPlatforms) = postSolution
		{5820C36C-7D31-4092-9067-5E88B1B674E6}.Debug|Any CPU.ActiveCfg = Debug|Any CPU
		{5820C36C-7D31-4092-9067-5E88B1B674E6}.Debug|Any CPU.Build.0 = Debug|Any CPU
		{5820C36C-7D31-4092-9067-5E88B1B674E6}.Release|Any CPU.ActiveCfg = Release|Any CPU
		{5820C36C-7D31-4092-9067-5E88B1B674E6}.Release|Any CPU.Build.0 = Release|Any CPU
	EndGlobalSection
	GlobalSection(SolutionProperties) = preSolution
		HideSolutionNode = FALSE
	EndGlobalSection
	GlobalSection(ExtensibilityGlobals) = postSolution
		SolutionGuid = {FC8DE041-6AD2-4EDB-A96F-27D4C1F2D2C4}
	EndGlobalSection
EndGlobal
