
Microsoft Visual Studio Solution File, Format Version 12.00
# Visual Studio Version 16
VisualStudioVersion = 16.0.30523.141
MinimumVisualStudioVersion = 10.0.40219.1
Project("{FAE04EC0-301F-11D3-BF4B-00C04F79EFBC}") = "Player", "Player.csproj", "{4921860D-B97A-492A-AD90-19C30F00C0F0}"
EndProject
Global
	GlobalSection(SolutionConfigurationPlatforms) = preSolution
		Debug|Any CPU = Debug|Any CPU
		Release|Any CPU = Release|Any CPU
	EndGlobalSection
	GlobalSection(ProjectConfigurationPlatforms) = postSolution
		{4921860D-B97A-492A-AD90-19C30F00C0F0}.Debug|Any CPU.ActiveCfg = Debug|Any CPU
		{4921860D-B97A-492A-AD90-19C30F00C0F0}.Debug|Any CPU.Build.0 = Debug|Any CPU
		{4921860D-B97A-492A-AD90-19C30F00C0F0}.Release|Any CPU.ActiveCfg = Release|Any CPU
		{4921860D-B97A-492A-AD90-19C30F00C0F0}.Release|Any CPU.Build.0 = Release|Any CPU
	EndGlobalSection
	GlobalSection(SolutionProperties) = preSolution
		HideSolutionNode = FALSE
	EndGlobalSection
	GlobalSection(ExtensibilityGlobals) = postSolution
		SolutionGuid = {A3E182B9-756E-4179-964F-4748403DF7C6}
	EndGlobalSection
EndGlobal
