
Microsoft Visual Studio Solution File, Format Version 12.00
# Visual Studio Version 16
VisualStudioVersion = 16.0.30523.141
MinimumVisualStudioVersion = 10.0.40219.1
Project("{FAE04EC0-301F-11D3-BF4B-00C04F79EFBC}") = "WpfApp1", "WpfApp1.csproj", "{89721A64-BEA6-48A2-BF85-58BB91BB8992}"
EndProject
Global
	GlobalSection(SolutionConfigurationPlatforms) = preSolution
		Debug|Any CPU = Debug|Any CPU
		Release|Any CPU = Release|Any CPU
	EndGlobalSection
	GlobalSection(ProjectConfigurationPlatforms) = postSolution
		{89721A64-BEA6-48A2-BF85-58BB91BB8992}.Debug|Any CPU.ActiveCfg = Debug|Any CPU
		{89721A64-BEA6-48A2-BF85-58BB91BB8992}.Debug|Any CPU.Build.0 = Debug|Any CPU
		{89721A64-BEA6-48A2-BF85-58BB91BB8992}.Release|Any CPU.ActiveCfg = Release|Any CPU
		{89721A64-BEA6-48A2-BF85-58BB91BB8992}.Release|Any CPU.Build.0 = Release|Any CPU
	EndGlobalSection
	GlobalSection(SolutionProperties) = preSolution
		HideSolutionNode = FALSE
	EndGlobalSection
	GlobalSection(ExtensibilityGlobals) = postSolution
		SolutionGuid = {C615FA69-749D-4053-A359-C18DB4A319C5}
	EndGlobalSection
EndGlobal
