
Microsoft Visual Studio Solution File, Format Version 12.00
# Visual Studio Version 16
VisualStudioVersion = 16.0.30523.141
MinimumVisualStudioVersion = 10.0.40219.1
Project("{FAE04EC0-301F-11D3-BF4B-00C04F79EFBC}") = "CodeReviewRee", "CodeReviewRee.csproj", "{00E19090-2ADC-41BD-B83C-7FC566681F90}"
EndProject
Global
	GlobalSection(SolutionConfigurationPlatforms) = preSolution
		Debug|Any CPU = Debug|Any CPU
		Release|Any CPU = Release|Any CPU
	EndGlobalSection
	GlobalSection(ProjectConfigurationPlatforms) = postSolution
		{00E19090-2ADC-41BD-B83C-7FC566681F90}.Debug|Any CPU.ActiveCfg = Debug|Any CPU
		{00E19090-2ADC-41BD-B83C-7FC566681F90}.Debug|Any CPU.Build.0 = Debug|Any CPU
		{00E19090-2ADC-41BD-B83C-7FC566681F90}.Release|Any CPU.ActiveCfg = Release|Any CPU
		{00E19090-2ADC-41BD-B83C-7FC566681F90}.Release|Any CPU.Build.0 = Release|Any CPU
	EndGlobalSection
	GlobalSection(SolutionProperties) = preSolution
		HideSolutionNode = FALSE
	EndGlobalSection
	GlobalSection(ExtensibilityGlobals) = postSolution
		SolutionGuid = {7E3A8981-CA86-44C0-B66B-B6FC4CA46CC7}
	EndGlobalSection
EndGlobal
